
Microsoft Visual Studio Solution File, Format Version 12.00
# Visual Studio 15
VisualStudioVersion = 15.0.28307.489
MinimumVisualStudioVersion = 10.0.40219.1
Project("{FAE04EC0-301F-11D3-BF4B-00C04F79EFBC}") = "Example_1610", "Example_1610\Example_1610.csproj", "{D8880172-FAD0-4C79-A048-FF94D6918171}"
EndProject
Project("{FAE04EC0-301F-11D3-BF4B-00C04F79EFBC}") = "Example_1611", "Example_1611\Example_1611.csproj", "{9B935DA1-7AE8-4367-ACA8-06909C88832C}"
EndProject
Project("{2150E333-8FDC-42A3-9474-1A3956D46DE8}") = "Lesson_01", "Lesson_01", "{9164919D-58E4-40ED-8C4B-F61716548FAE}"
EndProject
Project("{2150E333-8FDC-42A3-9474-1A3956D46DE8}") = "Lesson_02", "Lesson_02", "{FD53E440-EEBA-4E81-A192-02A7ABBC761D}"
EndProject
Project("{2150E333-8FDC-42A3-9474-1A3956D46DE8}") = "Lesson_03", "Lesson_03", "{71A5F6BA-6FE0-4608-9ED1-687D7433192A}"
EndProject
Project("{2150E333-8FDC-42A3-9474-1A3956D46DE8}") = "Lesson_04", "Lesson_04", "{B1C3DD2E-55F4-4AB9-A75D-FF8860294CF3}"
EndProject
Project("{2150E333-8FDC-42A3-9474-1A3956D46DE8}") = "Lesson_05", "Lesson_05", "{F24B8ED5-9193-46F3-B3D2-1FB09D769503}"
EndProject
Project("{2150E333-8FDC-42A3-9474-1A3956D46DE8}") = "Lesson_06", "Lesson_06", "{74F92784-F7BC-4F84-AD6E-DB8A6B79C3D4}"
EndProject
Project("{2150E333-8FDC-42A3-9474-1A3956D46DE8}") = "Lesson_07", "Lesson_07", "{AB9471C1-E2AE-4FED-9739-29A8BEF7B107}"
EndProject
Project("{FAE04EC0-301F-11D3-BF4B-00C04F79EFBC}") = "Example_1612", "Example_1612\Example_1612.csproj", "{0F8D43E1-AC06-45EF-8709-B3DCDE8B8256}"
EndProject
Project("{FAE04EC0-301F-11D3-BF4B-00C04F79EFBC}") = "Example_1613", "Example_1613\Example_1613.csproj", "{8A538D30-F482-4E0A-B094-2DA52F0A8FB8}"
EndProject
Project("{FAE04EC0-301F-11D3-BF4B-00C04F79EFBC}") = "Example_1614", "Example_1614\Example_1614.csproj", "{34CDA794-A158-49F7-8985-9EBE5AA15364}"
EndProject
Project("{FAE04EC0-301F-11D3-BF4B-00C04F79EFBC}") = "Example_1615", "Example_1615\Example_1615.csproj", "{BBA8C038-2D6C-4031-977E-D8E6ACFA0B70}"
EndProject
Project("{FAE04EC0-301F-11D3-BF4B-00C04F79EFBC}") = "Example_1616", "Example_1616\Example_1616.csproj", "{7A6C0E2E-70D5-41F6-966A-8092B4D34C10}"
EndProject
Project("{FAE04EC0-301F-11D3-BF4B-00C04F79EFBC}") = "Example_1621", "Example_1621\Example_1621.csproj", "{EE3DD404-AA95-45FC-A6DC-6A9FB031E268}"
EndProject
Project("{FAE04EC0-301F-11D3-BF4B-00C04F79EFBC}") = "Example_1622", "Example_1622\Example_1622.csproj", "{401BC108-12E8-4F7F-BC5F-BEA5397D91B4}"
EndProject
Project("{FAE04EC0-301F-11D3-BF4B-00C04F79EFBC}") = "Example_1623", "Example_1623\Example_1623.csproj", "{B6A42C1D-D926-459E-A759-8388EBD2D570}"
EndProject
Project("{FAE04EC0-301F-11D3-BF4B-00C04F79EFBC}") = "Example_1631", "Example_1631\Example_1631.csproj", "{D6A8A6F9-704B-48D8-8CE5-028170DBC90F}"
EndProject
Project("{FAE04EC0-301F-11D3-BF4B-00C04F79EFBC}") = "Example_1632", "Example_1632\Example_1632.csproj", "{BAC0F0BF-8A9D-4BF5-AE29-F17C79FF1B1D}"
EndProject
Project("{FAE04EC0-301F-11D3-BF4B-00C04F79EFBC}") = "Example_1633", "Example_1633\Example_1633.csproj", "{DB6817F9-08B8-4F2F-8DEB-B75ED5EF00C7}"
EndProject
Project("{FAE04EC0-301F-11D3-BF4B-00C04F79EFBC}") = "Example_1634", "Example_1634\Example_1634.csproj", "{26F3A881-31F4-4073-8D40-9C931D3A80C2}"
EndProject
Project("{FAE04EC0-301F-11D3-BF4B-00C04F79EFBC}") = "Example_1635", "Example_1635\Example_1635.csproj", "{63E90D6B-83AC-47D3-8F73-800C7FFE29CF}"
EndProject
Project("{FAE04EC0-301F-11D3-BF4B-00C04F79EFBC}") = "Example_1636", "Example_1636\Example_1636.csproj", "{193CF1FD-EA63-4688-951C-8CDE0BBACBC5}"
EndProject
Project("{FAE04EC0-301F-11D3-BF4B-00C04F79EFBC}") = "Example_1637", "Example_1637\Example_1637.csproj", "{F16CFBE9-1D50-4E99-A628-C953AD49E0FC}"
EndProject
Project("{FAE04EC0-301F-11D3-BF4B-00C04F79EFBC}") = "Example_1638_Priority", "Example_1638_Priority\Example_1638_Priority.csproj", "{87D161AE-C6DF-4B19-A69A-5E819E25F6A6}"
EndProject
Project("{FAE04EC0-301F-11D3-BF4B-00C04F79EFBC}") = "Example_1641", "Example_1641\Example_1641.csproj", "{03D3ADEF-7B5D-4616-B243-521915A28038}"
EndProject
Project("{FAE04EC0-301F-11D3-BF4B-00C04F79EFBC}") = "Example_1642", "Example_1642\Example_1642.csproj", "{842ABDC2-1746-4AF8-85E0-670388EDF7E7}"
EndProject
Project("{FAE04EC0-301F-11D3-BF4B-00C04F79EFBC}") = "Example_1651", "Example_1651\Example_1651.csproj", "{20878B6B-1BEE-4A29-A6B2-20FF61D649A6}"
EndProject
Project("{FAE04EC0-301F-11D3-BF4B-00C04F79EFBC}") = "Example_1652", "Example_1652\Example_1652.csproj", "{CBC42103-DB8C-4760-81CA-817A0940F1A9}"
EndProject
Project("{FAE04EC0-301F-11D3-BF4B-00C04F79EFBC}") = "Example_1653", "Example_1653\Example_1653.csproj", "{D2A8548D-7957-4124-99D1-350DA7816EB1}"
EndProject
Project("{FAE04EC0-301F-11D3-BF4B-00C04F79EFBC}") = "Example_1654", "Example_1654\Example_1654.csproj", "{182013F4-4B46-4FF6-9331-B48D952EFEBD}"
EndProject
Project("{FAE04EC0-301F-11D3-BF4B-00C04F79EFBC}") = "Example_1661", "Example_1661\Example_1661.csproj", "{71222EBB-0970-4110-B45C-C92DAEA068D9}"
EndProject
Project("{FAE04EC0-301F-11D3-BF4B-00C04F79EFBC}") = "Example_1662", "Example_1662\Example_1662.csproj", "{693753AF-ED97-4BC0-B04D-EBFC4E9A0A14}"
EndProject
Project("{FAE04EC0-301F-11D3-BF4B-00C04F79EFBC}") = "Example_1663", "Example_1663\Example_1663.csproj", "{9BAD6118-7607-40CE-84A7-6714C3A40F89}"
EndProject
Project("{FAE04EC0-301F-11D3-BF4B-00C04F79EFBC}") = "Example_1664", "Example_1664\Example_1664.csproj", "{B7E6ED1F-2632-4E85-AEBA-FC4402103A96}"
EndProject
Project("{FAE04EC0-301F-11D3-BF4B-00C04F79EFBC}") = "Example_1665", "Example_1665\Example_1665.csproj", "{0225B37C-7BED-47A2-8A42-3D0A7A835ADF}"
EndProject
Project("{FAE04EC0-301F-11D3-BF4B-00C04F79EFBC}") = "Example_1666", "Example_1666\Example_1666.csproj", "{8805F0F4-2397-4A08-A300-B0CED82151A0}"
EndProject
Project("{FAE04EC0-301F-11D3-BF4B-00C04F79EFBC}") = "Example_1667", "Example_1667\Example_1667.csproj", "{8DA9FCAA-CD04-4E14-A523-1F52EACDC9ED}"
EndProject
Project("{FAE04EC0-301F-11D3-BF4B-00C04F79EFBC}") = "Example_1668", "Example_1668\Example_1668.csproj", "{03247E9A-BCEB-4D9B-8767-0D7D4332F5B2}"
EndProject
Project("{FAE04EC0-301F-11D3-BF4B-00C04F79EFBC}") = "Example_1669", "Example_1669\Example_1669.csproj", "{6DE39793-5725-4D9A-A3E9-460E4C5A54D7}"
EndProject
Project("{FAE04EC0-301F-11D3-BF4B-00C04F79EFBC}") = "Example_1671", "Example_1671\Example_1671.csproj", "{D40CA493-2CBC-415A-A454-AA596D7ED965}"
EndProject
Global
	GlobalSection(SolutionConfigurationPlatforms) = preSolution
		Debug|Any CPU = Debug|Any CPU
		Release|Any CPU = Release|Any CPU
	EndGlobalSection
	GlobalSection(ProjectConfigurationPlatforms) = postSolution
		{D8880172-FAD0-4C79-A048-FF94D6918171}.Debug|Any CPU.ActiveCfg = Debug|Any CPU
		{D8880172-FAD0-4C79-A048-FF94D6918171}.Debug|Any CPU.Build.0 = Debug|Any CPU
		{D8880172-FAD0-4C79-A048-FF94D6918171}.Release|Any CPU.ActiveCfg = Release|Any CPU
		{D8880172-FAD0-4C79-A048-FF94D6918171}.Release|Any CPU.Build.0 = Release|Any CPU
		{9B935DA1-7AE8-4367-ACA8-06909C88832C}.Debug|Any CPU.ActiveCfg = Debug|Any CPU
		{9B935DA1-7AE8-4367-ACA8-06909C88832C}.Debug|Any CPU.Build.0 = Debug|Any CPU
		{9B935DA1-7AE8-4367-ACA8-06909C88832C}.Release|Any CPU.ActiveCfg = Release|Any CPU
		{9B935DA1-7AE8-4367-ACA8-06909C88832C}.Release|Any CPU.Build.0 = Release|Any CPU
		{0F8D43E1-AC06-45EF-8709-B3DCDE8B8256}.Debug|Any CPU.ActiveCfg = Debug|Any CPU
		{0F8D43E1-AC06-45EF-8709-B3DCDE8B8256}.Debug|Any CPU.Build.0 = Debug|Any CPU
		{0F8D43E1-AC06-45EF-8709-B3DCDE8B8256}.Release|Any CPU.ActiveCfg = Release|Any CPU
		{0F8D43E1-AC06-45EF-8709-B3DCDE8B8256}.Release|Any CPU.Build.0 = Release|Any CPU
		{8A538D30-F482-4E0A-B094-2DA52F0A8FB8}.Debug|Any CPU.ActiveCfg = Debug|Any CPU
		{8A538D30-F482-4E0A-B094-2DA52F0A8FB8}.Debug|Any CPU.Build.0 = Debug|Any CPU
		{8A538D30-F482-4E0A-B094-2DA52F0A8FB8}.Release|Any CPU.ActiveCfg = Release|Any CPU
		{8A538D30-F482-4E0A-B094-2DA52F0A8FB8}.Release|Any CPU.Build.0 = Release|Any CPU
		{34CDA794-A158-49F7-8985-9EBE5AA15364}.Debug|Any CPU.ActiveCfg = Debug|Any CPU
		{34CDA794-A158-49F7-8985-9EBE5AA15364}.Debug|Any CPU.Build.0 = Debug|Any CPU
		{34CDA794-A158-49F7-8985-9EBE5AA15364}.Release|Any CPU.ActiveCfg = Release|Any CPU
		{34CDA794-A158-49F7-8985-9EBE5AA15364}.Release|Any CPU.Build.0 = Release|Any CPU
		{BBA8C038-2D6C-4031-977E-D8E6ACFA0B70}.Debug|Any CPU.ActiveCfg = Debug|Any CPU
		{BBA8C038-2D6C-4031-977E-D8E6ACFA0B70}.Debug|Any CPU.Build.0 = Debug|Any CPU
		{BBA8C038-2D6C-4031-977E-D8E6ACFA0B70}.Release|Any CPU.ActiveCfg = Release|Any CPU
		{BBA8C038-2D6C-4031-977E-D8E6ACFA0B70}.Release|Any CPU.Build.0 = Release|Any CPU
		{7A6C0E2E-70D5-41F6-966A-8092B4D34C10}.Debug|Any CPU.ActiveCfg = Debug|Any CPU
		{7A6C0E2E-70D5-41F6-966A-8092B4D34C10}.Debug|Any CPU.Build.0 = Debug|Any CPU
		{7A6C0E2E-70D5-41F6-966A-8092B4D34C10}.Release|Any CPU.ActiveCfg = Release|Any CPU
		{7A6C0E2E-70D5-41F6-966A-8092B4D34C10}.Release|Any CPU.Build.0 = Release|Any CPU
		{EE3DD404-AA95-45FC-A6DC-6A9FB031E268}.Debug|Any CPU.ActiveCfg = Debug|Any CPU
		{EE3DD404-AA95-45FC-A6DC-6A9FB031E268}.Debug|Any CPU.Build.0 = Debug|Any CPU
		{EE3DD404-AA95-45FC-A6DC-6A9FB031E268}.Release|Any CPU.ActiveCfg = Release|Any CPU
		{EE3DD404-AA95-45FC-A6DC-6A9FB031E268}.Release|Any CPU.Build.0 = Release|Any CPU
		{401BC108-12E8-4F7F-BC5F-BEA5397D91B4}.Debug|Any CPU.ActiveCfg = Debug|Any CPU
		{401BC108-12E8-4F7F-BC5F-BEA5397D91B4}.Debug|Any CPU.Build.0 = Debug|Any CPU
		{401BC108-12E8-4F7F-BC5F-BEA5397D91B4}.Release|Any CPU.ActiveCfg = Release|Any CPU
		{401BC108-12E8-4F7F-BC5F-BEA5397D91B4}.Release|Any CPU.Build.0 = Release|Any CPU
		{B6A42C1D-D926-459E-A759-8388EBD2D570}.Debug|Any CPU.ActiveCfg = Debug|Any CPU
		{B6A42C1D-D926-459E-A759-8388EBD2D570}.Debug|Any CPU.Build.0 = Debug|Any CPU
		{B6A42C1D-D926-459E-A759-8388EBD2D570}.Release|Any CPU.ActiveCfg = Release|Any CPU
		{B6A42C1D-D926-459E-A759-8388EBD2D570}.Release|Any CPU.Build.0 = Release|Any CPU
		{D6A8A6F9-704B-48D8-8CE5-028170DBC90F}.Debug|Any CPU.ActiveCfg = Debug|Any CPU
		{D6A8A6F9-704B-48D8-8CE5-028170DBC90F}.Debug|Any CPU.Build.0 = Debug|Any CPU
		{D6A8A6F9-704B-48D8-8CE5-028170DBC90F}.Release|Any CPU.ActiveCfg = Release|Any CPU
		{D6A8A6F9-704B-48D8-8CE5-028170DBC90F}.Release|Any CPU.Build.0 = Release|Any CPU
		{BAC0F0BF-8A9D-4BF5-AE29-F17C79FF1B1D}.Debug|Any CPU.ActiveCfg = Debug|Any CPU
		{BAC0F0BF-8A9D-4BF5-AE29-F17C79FF1B1D}.Debug|Any CPU.Build.0 = Debug|Any CPU
		{BAC0F0BF-8A9D-4BF5-AE29-F17C79FF1B1D}.Release|Any CPU.ActiveCfg = Release|Any CPU
		{BAC0F0BF-8A9D-4BF5-AE29-F17C79FF1B1D}.Release|Any CPU.Build.0 = Release|Any CPU
		{DB6817F9-08B8-4F2F-8DEB-B75ED5EF00C7}.Debug|Any CPU.ActiveCfg = Debug|Any CPU
		{DB6817F9-08B8-4F2F-8DEB-B75ED5EF00C7}.Debug|Any CPU.Build.0 = Debug|Any CPU
		{DB6817F9-08B8-4F2F-8DEB-B75ED5EF00C7}.Release|Any CPU.ActiveCfg = Release|Any CPU
		{DB6817F9-08B8-4F2F-8DEB-B75ED5EF00C7}.Release|Any CPU.Build.0 = Release|Any CPU
		{26F3A881-31F4-4073-8D40-9C931D3A80C2}.Debug|Any CPU.ActiveCfg = Debug|Any CPU
		{26F3A881-31F4-4073-8D40-9C931D3A80C2}.Debug|Any CPU.Build.0 = Debug|Any CPU
		{26F3A881-31F4-4073-8D40-9C931D3A80C2}.Release|Any CPU.ActiveCfg = Release|Any CPU
		{26F3A881-31F4-4073-8D40-9C931D3A80C2}.Release|Any CPU.Build.0 = Release|Any CPU
		{63E90D6B-83AC-47D3-8F73-800C7FFE29CF}.Debug|Any CPU.ActiveCfg = Debug|Any CPU
		{63E90D6B-83AC-47D3-8F73-800C7FFE29CF}.Debug|Any CPU.Build.0 = Debug|Any CPU
		{63E90D6B-83AC-47D3-8F73-800C7FFE29CF}.Release|Any CPU.ActiveCfg = Release|Any CPU
		{63E90D6B-83AC-47D3-8F73-800C7FFE29CF}.Release|Any CPU.Build.0 = Release|Any CPU
		{193CF1FD-EA63-4688-951C-8CDE0BBACBC5}.Debug|Any CPU.ActiveCfg = Debug|Any CPU
		{193CF1FD-EA63-4688-951C-8CDE0BBACBC5}.Debug|Any CPU.Build.0 = Debug|Any CPU
		{193CF1FD-EA63-4688-951C-8CDE0BBACBC5}.Release|Any CPU.ActiveCfg = Release|Any CPU
		{193CF1FD-EA63-4688-951C-8CDE0BBACBC5}.Release|Any CPU.Build.0 = Release|Any CPU
		{F16CFBE9-1D50-4E99-A628-C953AD49E0FC}.Debug|Any CPU.ActiveCfg = Debug|Any CPU
		{F16CFBE9-1D50-4E99-A628-C953AD49E0FC}.Debug|Any CPU.Build.0 = Debug|Any CPU
		{F16CFBE9-1D50-4E99-A628-C953AD49E0FC}.Release|Any CPU.ActiveCfg = Release|Any CPU
		{F16CFBE9-1D50-4E99-A628-C953AD49E0FC}.Release|Any CPU.Build.0 = Release|Any CPU
		{87D161AE-C6DF-4B19-A69A-5E819E25F6A6}.Debug|Any CPU.ActiveCfg = Debug|Any CPU
		{87D161AE-C6DF-4B19-A69A-5E819E25F6A6}.Debug|Any CPU.Build.0 = Debug|Any CPU
		{87D161AE-C6DF-4B19-A69A-5E819E25F6A6}.Release|Any CPU.ActiveCfg = Release|Any CPU
		{87D161AE-C6DF-4B19-A69A-5E819E25F6A6}.Release|Any CPU.Build.0 = Release|Any CPU
		{03D3ADEF-7B5D-4616-B243-521915A28038}.Debug|Any CPU.ActiveCfg = Debug|Any CPU
		{03D3ADEF-7B5D-4616-B243-521915A28038}.Debug|Any CPU.Build.0 = Debug|Any CPU
		{03D3ADEF-7B5D-4616-B243-521915A28038}.Release|Any CPU.ActiveCfg = Release|Any CPU
		{03D3ADEF-7B5D-4616-B243-521915A28038}.Release|Any CPU.Build.0 = Release|Any CPU
		{842ABDC2-1746-4AF8-85E0-670388EDF7E7}.Debug|Any CPU.ActiveCfg = Debug|Any CPU
		{842ABDC2-1746-4AF8-85E0-670388EDF7E7}.Debug|Any CPU.Build.0 = Debug|Any CPU
		{842ABDC2-1746-4AF8-85E0-670388EDF7E7}.Release|Any CPU.ActiveCfg = Release|Any CPU
		{842ABDC2-1746-4AF8-85E0-670388EDF7E7}.Release|Any CPU.Build.0 = Release|Any CPU
		{20878B6B-1BEE-4A29-A6B2-20FF61D649A6}.Debug|Any CPU.ActiveCfg = Debug|Any CPU
		{20878B6B-1BEE-4A29-A6B2-20FF61D649A6}.Debug|Any CPU.Build.0 = Debug|Any CPU
		{20878B6B-1BEE-4A29-A6B2-20FF61D649A6}.Release|Any CPU.ActiveCfg = Release|Any CPU
		{20878B6B-1BEE-4A29-A6B2-20FF61D649A6}.Release|Any CPU.Build.0 = Release|Any CPU
		{CBC42103-DB8C-4760-81CA-817A0940F1A9}.Debug|Any CPU.ActiveCfg = Debug|Any CPU
		{CBC42103-DB8C-4760-81CA-817A0940F1A9}.Debug|Any CPU.Build.0 = Debug|Any CPU
		{CBC42103-DB8C-4760-81CA-817A0940F1A9}.Release|Any CPU.ActiveCfg = Release|Any CPU
		{CBC42103-DB8C-4760-81CA-817A0940F1A9}.Release|Any CPU.Build.0 = Release|Any CPU
		{D2A8548D-7957-4124-99D1-350DA7816EB1}.Debug|Any CPU.ActiveCfg = Debug|Any CPU
		{D2A8548D-7957-4124-99D1-350DA7816EB1}.Debug|Any CPU.Build.0 = Debug|Any CPU
		{D2A8548D-7957-4124-99D1-350DA7816EB1}.Release|Any CPU.ActiveCfg = Release|Any CPU
		{D2A8548D-7957-4124-99D1-350DA7816EB1}.Release|Any CPU.Build.0 = Release|Any CPU
		{182013F4-4B46-4FF6-9331-B48D952EFEBD}.Debug|Any CPU.ActiveCfg = Debug|Any CPU
		{182013F4-4B46-4FF6-9331-B48D952EFEBD}.Debug|Any CPU.Build.0 = Debug|Any CPU
		{182013F4-4B46-4FF6-9331-B48D952EFEBD}.Release|Any CPU.ActiveCfg = Release|Any CPU
		{182013F4-4B46-4FF6-9331-B48D952EFEBD}.Release|Any CPU.Build.0 = Release|Any CPU
		{71222EBB-0970-4110-B45C-C92DAEA068D9}.Debug|Any CPU.ActiveCfg = Debug|Any CPU
		{71222EBB-0970-4110-B45C-C92DAEA068D9}.Debug|Any CPU.Build.0 = Debug|Any CPU
		{71222EBB-0970-4110-B45C-C92DAEA068D9}.Release|Any CPU.ActiveCfg = Release|Any CPU
		{71222EBB-0970-4110-B45C-C92DAEA068D9}.Release|Any CPU.Build.0 = Release|Any CPU
		{693753AF-ED97-4BC0-B04D-EBFC4E9A0A14}.Debug|Any CPU.ActiveCfg = Debug|Any CPU
		{693753AF-ED97-4BC0-B04D-EBFC4E9A0A14}.Debug|Any CPU.Build.0 = Debug|Any CPU
		{693753AF-ED97-4BC0-B04D-EBFC4E9A0A14}.Release|Any CPU.ActiveCfg = Release|Any CPU
		{693753AF-ED97-4BC0-B04D-EBFC4E9A0A14}.Release|Any CPU.Build.0 = Release|Any CPU
		{9BAD6118-7607-40CE-84A7-6714C3A40F89}.Debug|Any CPU.ActiveCfg = Debug|Any CPU
		{9BAD6118-7607-40CE-84A7-6714C3A40F89}.Debug|Any CPU.Build.0 = Debug|Any CPU
		{9BAD6118-7607-40CE-84A7-6714C3A40F89}.Release|Any CPU.ActiveCfg = Release|Any CPU
		{9BAD6118-7607-40CE-84A7-6714C3A40F89}.Release|Any CPU.Build.0 = Release|Any CPU
		{B7E6ED1F-2632-4E85-AEBA-FC4402103A96}.Debug|Any CPU.ActiveCfg = Debug|Any CPU
		{B7E6ED1F-2632-4E85-AEBA-FC4402103A96}.Debug|Any CPU.Build.0 = Debug|Any CPU
		{B7E6ED1F-2632-4E85-AEBA-FC4402103A96}.Release|Any CPU.ActiveCfg = Release|Any CPU
		{B7E6ED1F-2632-4E85-AEBA-FC4402103A96}.Release|Any CPU.Build.0 = Release|Any CPU
		{0225B37C-7BED-47A2-8A42-3D0A7A835ADF}.Debug|Any CPU.ActiveCfg = Debug|Any CPU
		{0225B37C-7BED-47A2-8A42-3D0A7A835ADF}.Debug|Any CPU.Build.0 = Debug|Any CPU
		{0225B37C-7BED-47A2-8A42-3D0A7A835ADF}.Release|Any CPU.ActiveCfg = Release|Any CPU
		{0225B37C-7BED-47A2-8A42-3D0A7A835ADF}.Release|Any CPU.Build.0 = Release|Any CPU
		{8805F0F4-2397-4A08-A300-B0CED82151A0}.Debug|Any CPU.ActiveCfg = Debug|Any CPU
		{8805F0F4-2397-4A08-A300-B0CED82151A0}.Debug|Any CPU.Build.0 = Debug|Any CPU
		{8805F0F4-2397-4A08-A300-B0CED82151A0}.Release|Any CPU.ActiveCfg = Release|Any CPU
		{8805F0F4-2397-4A08-A300-B0CED82151A0}.Release|Any CPU.Build.0 = Release|Any CPU
		{8DA9FCAA-CD04-4E14-A523-1F52EACDC9ED}.Debug|Any CPU.ActiveCfg = Debug|Any CPU
		{8DA9FCAA-CD04-4E14-A523-1F52EACDC9ED}.Debug|Any CPU.Build.0 = Debug|Any CPU
		{8DA9FCAA-CD04-4E14-A523-1F52EACDC9ED}.Release|Any CPU.ActiveCfg = Release|Any CPU
		{8DA9FCAA-CD04-4E14-A523-1F52EACDC9ED}.Release|Any CPU.Build.0 = Release|Any CPU
		{03247E9A-BCEB-4D9B-8767-0D7D4332F5B2}.Debug|Any CPU.ActiveCfg = Debug|Any CPU
		{03247E9A-BCEB-4D9B-8767-0D7D4332F5B2}.Debug|Any CPU.Build.0 = Debug|Any CPU
		{03247E9A-BCEB-4D9B-8767-0D7D4332F5B2}.Release|Any CPU.ActiveCfg = Release|Any CPU
		{03247E9A-BCEB-4D9B-8767-0D7D4332F5B2}.Release|Any CPU.Build.0 = Release|Any CPU
		{6DE39793-5725-4D9A-A3E9-460E4C5A54D7}.Debug|Any CPU.ActiveCfg = Debug|Any CPU
		{6DE39793-5725-4D9A-A3E9-460E4C5A54D7}.Debug|Any CPU.Build.0 = Debug|Any CPU
		{6DE39793-5725-4D9A-A3E9-460E4C5A54D7}.Release|Any CPU.ActiveCfg = Release|Any CPU
		{6DE39793-5725-4D9A-A3E9-460E4C5A54D7}.Release|Any CPU.Build.0 = Release|Any CPU
		{D40CA493-2CBC-415A-A454-AA596D7ED965}.Debug|Any CPU.ActiveCfg = Debug|Any CPU
		{D40CA493-2CBC-415A-A454-AA596D7ED965}.Debug|Any CPU.Build.0 = Debug|Any CPU
		{D40CA493-2CBC-415A-A454-AA596D7ED965}.Release|Any CPU.ActiveCfg = Release|Any CPU
		{D40CA493-2CBC-415A-A454-AA596D7ED965}.Release|Any CPU.Build.0 = Release|Any CPU
	EndGlobalSection
	GlobalSection(SolutionProperties) = preSolution
		HideSolutionNode = FALSE
	EndGlobalSection
	GlobalSection(NestedProjects) = preSolution
		{D8880172-FAD0-4C79-A048-FF94D6918171} = {9164919D-58E4-40ED-8C4B-F61716548FAE}
		{9B935DA1-7AE8-4367-ACA8-06909C88832C} = {9164919D-58E4-40ED-8C4B-F61716548FAE}
		{0F8D43E1-AC06-45EF-8709-B3DCDE8B8256} = {9164919D-58E4-40ED-8C4B-F61716548FAE}
		{8A538D30-F482-4E0A-B094-2DA52F0A8FB8} = {9164919D-58E4-40ED-8C4B-F61716548FAE}
		{34CDA794-A158-49F7-8985-9EBE5AA15364} = {9164919D-58E4-40ED-8C4B-F61716548FAE}
		{BBA8C038-2D6C-4031-977E-D8E6ACFA0B70} = {9164919D-58E4-40ED-8C4B-F61716548FAE}
		{7A6C0E2E-70D5-41F6-966A-8092B4D34C10} = {9164919D-58E4-40ED-8C4B-F61716548FAE}
		{EE3DD404-AA95-45FC-A6DC-6A9FB031E268} = {FD53E440-EEBA-4E81-A192-02A7ABBC761D}
		{401BC108-12E8-4F7F-BC5F-BEA5397D91B4} = {FD53E440-EEBA-4E81-A192-02A7ABBC761D}
		{B6A42C1D-D926-459E-A759-8388EBD2D570} = {FD53E440-EEBA-4E81-A192-02A7ABBC761D}
		{D6A8A6F9-704B-48D8-8CE5-028170DBC90F} = {71A5F6BA-6FE0-4608-9ED1-687D7433192A}
		{BAC0F0BF-8A9D-4BF5-AE29-F17C79FF1B1D} = {71A5F6BA-6FE0-4608-9ED1-687D7433192A}
		{DB6817F9-08B8-4F2F-8DEB-B75ED5EF00C7} = {71A5F6BA-6FE0-4608-9ED1-687D7433192A}
		{26F3A881-31F4-4073-8D40-9C931D3A80C2} = {71A5F6BA-6FE0-4608-9ED1-687D7433192A}
		{63E90D6B-83AC-47D3-8F73-800C7FFE29CF} = {71A5F6BA-6FE0-4608-9ED1-687D7433192A}
		{193CF1FD-EA63-4688-951C-8CDE0BBACBC5} = {71A5F6BA-6FE0-4608-9ED1-687D7433192A}
		{F16CFBE9-1D50-4E99-A628-C953AD49E0FC} = {71A5F6BA-6FE0-4608-9ED1-687D7433192A}
		{87D161AE-C6DF-4B19-A69A-5E819E25F6A6} = {71A5F6BA-6FE0-4608-9ED1-687D7433192A}
		{03D3ADEF-7B5D-4616-B243-521915A28038} = {B1C3DD2E-55F4-4AB9-A75D-FF8860294CF3}
		{842ABDC2-1746-4AF8-85E0-670388EDF7E7} = {B1C3DD2E-55F4-4AB9-A75D-FF8860294CF3}
		{20878B6B-1BEE-4A29-A6B2-20FF61D649A6} = {F24B8ED5-9193-46F3-B3D2-1FB09D769503}
		{CBC42103-DB8C-4760-81CA-817A0940F1A9} = {F24B8ED5-9193-46F3-B3D2-1FB09D769503}
		{D2A8548D-7957-4124-99D1-350DA7816EB1} = {F24B8ED5-9193-46F3-B3D2-1FB09D769503}
		{182013F4-4B46-4FF6-9331-B48D952EFEBD} = {F24B8ED5-9193-46F3-B3D2-1FB09D769503}
		{71222EBB-0970-4110-B45C-C92DAEA068D9} = {74F92784-F7BC-4F84-AD6E-DB8A6B79C3D4}
		{693753AF-ED97-4BC0-B04D-EBFC4E9A0A14} = {74F92784-F7BC-4F84-AD6E-DB8A6B79C3D4}
		{9BAD6118-7607-40CE-84A7-6714C3A40F89} = {74F92784-F7BC-4F84-AD6E-DB8A6B79C3D4}
		{B7E6ED1F-2632-4E85-AEBA-FC4402103A96} = {74F92784-F7BC-4F84-AD6E-DB8A6B79C3D4}
		{0225B37C-7BED-47A2-8A42-3D0A7A835ADF} = {74F92784-F7BC-4F84-AD6E-DB8A6B79C3D4}
		{8805F0F4-2397-4A08-A300-B0CED82151A0} = {74F92784-F7BC-4F84-AD6E-DB8A6B79C3D4}
		{8DA9FCAA-CD04-4E14-A523-1F52EACDC9ED} = {74F92784-F7BC-4F84-AD6E-DB8A6B79C3D4}
		{03247E9A-BCEB-4D9B-8767-0D7D4332F5B2} = {74F92784-F7BC-4F84-AD6E-DB8A6B79C3D4}
		{6DE39793-5725-4D9A-A3E9-460E4C5A54D7} = {74F92784-F7BC-4F84-AD6E-DB8A6B79C3D4}
		{D40CA493-2CBC-415A-A454-AA596D7ED965} = {AB9471C1-E2AE-4FED-9739-29A8BEF7B107}
	EndGlobalSection
	GlobalSection(ExtensibilityGlobals) = postSolution
		SolutionGuid = {809D38E4-DDA0-43AF-BD8E-871463154721}
	EndGlobalSection
EndGlobal
