
Microsoft Visual Studio Solution File, Format Version 12.00
# Visual Studio 15
VisualStudioVersion = 15.0.28307.489
MinimumVisualStudioVersion = 10.0.40219.1
Project("{2150E333-8FDC-42A3-9474-1A3956D46DE8}") = "ThemeCurent", "ThemeCurent", "{D7D2B543-D733-4B58-924B-88ADC152ACC2}"
	ProjectSection(SolutionItems) = preProject
		info.txt = info.txt
	EndProjectSection
EndProject
Project("{2150E333-8FDC-42A3-9474-1A3956D46DE8}") = "Lesson_01", "Lesson_01", "{8D863803-8117-45B3-A960-CFE82A7C51D4}"
EndProject
Project("{2150E333-8FDC-42A3-9474-1A3956D46DE8}") = "Lesson_02", "Lesson_02", "{C59E377D-45F6-4E64-92A8-1B876FACC80A}"
EndProject
Project("{2150E333-8FDC-42A3-9474-1A3956D46DE8}") = "Lesson_03", "Lesson_03", "{40371408-BAE5-4FF4-96BF-067A67E205C6}"
	ProjectSection(SolutionItems) = preProject
		SQLCreateDatandTables.sql = SQLCreateDatandTables.sql
	EndProjectSection
EndProject
Project("{2150E333-8FDC-42A3-9474-1A3956D46DE8}") = "Lesson_04", "Lesson_04", "{E3E226B4-611A-40FD-B753-7A86442A9719}"
EndProject
Project("{2150E333-8FDC-42A3-9474-1A3956D46DE8}") = "Lesson_05", "Lesson_05", "{5FE5882C-0203-48E2-A329-609FC4B8C3E1}"
EndProject
Project("{2150E333-8FDC-42A3-9474-1A3956D46DE8}") = "Lesson_06", "Lesson_06", "{53C46D9D-E487-42C0-A4B7-ECD0B5FAEF5F}"
EndProject
Project("{FAE04EC0-301F-11D3-BF4B-00C04F79EFBC}") = "Example_1711", "Example_1711\Example_1711.csproj", "{60DFE13B-01F0-4C1B-8345-68EBF1D2B6CA}"
EndProject
Project("{FAE04EC0-301F-11D3-BF4B-00C04F79EFBC}") = "Example_1712", "Example_1712\Example_1712.csproj", "{7D89002B-C882-4B11-956C-2B32A5233EF9}"
EndProject
Project("{FAE04EC0-301F-11D3-BF4B-00C04F79EFBC}") = "Example_1710", "Example_1710\Example_1710.csproj", "{11654D17-B268-4784-B435-55503228B63D}"
EndProject
Project("{FAE04EC0-301F-11D3-BF4B-00C04F79EFBC}") = "Example_1721", "Example_1721\Example_1721.csproj", "{201DBCD9-997A-4262-9703-5471EEB3ADE5}"
EndProject
Project("{FAE04EC0-301F-11D3-BF4B-00C04F79EFBC}") = "Example_1741", "Example_1741\Example_1741.csproj", "{E2BF3002-13E6-4889-A7DB-90F99CBDF7E8}"
EndProject
Project("{FAE04EC0-301F-11D3-BF4B-00C04F79EFBC}") = "Example_1742", "Example_1742\Example_1742.csproj", "{6F80EA6C-9FB0-4C09-AA16-8AE4367A4F49}"
EndProject
Project("{FAE04EC0-301F-11D3-BF4B-00C04F79EFBC}") = "Example_1751", "Example_1741\Example_1751\Example_1751.csproj", "{F69952FF-1200-4B96-8757-7BF14CBD15E4}"
EndProject
Project("{FAE04EC0-301F-11D3-BF4B-00C04F79EFBC}") = "Example_1761", "Example_1761\Example_1761.csproj", "{6E5F7158-A010-4343-BFE1-F68B68A0756F}"
EndProject
Global
	GlobalSection(SolutionConfigurationPlatforms) = preSolution
		Debug|Any CPU = Debug|Any CPU
		Release|Any CPU = Release|Any CPU
	EndGlobalSection
	GlobalSection(ProjectConfigurationPlatforms) = postSolution
		{60DFE13B-01F0-4C1B-8345-68EBF1D2B6CA}.Debug|Any CPU.ActiveCfg = Debug|Any CPU
		{60DFE13B-01F0-4C1B-8345-68EBF1D2B6CA}.Debug|Any CPU.Build.0 = Debug|Any CPU
		{60DFE13B-01F0-4C1B-8345-68EBF1D2B6CA}.Release|Any CPU.ActiveCfg = Release|Any CPU
		{60DFE13B-01F0-4C1B-8345-68EBF1D2B6CA}.Release|Any CPU.Build.0 = Release|Any CPU
		{7D89002B-C882-4B11-956C-2B32A5233EF9}.Debug|Any CPU.ActiveCfg = Debug|Any CPU
		{7D89002B-C882-4B11-956C-2B32A5233EF9}.Debug|Any CPU.Build.0 = Debug|Any CPU
		{7D89002B-C882-4B11-956C-2B32A5233EF9}.Release|Any CPU.ActiveCfg = Release|Any CPU
		{7D89002B-C882-4B11-956C-2B32A5233EF9}.Release|Any CPU.Build.0 = Release|Any CPU
		{11654D17-B268-4784-B435-55503228B63D}.Debug|Any CPU.ActiveCfg = Debug|Any CPU
		{11654D17-B268-4784-B435-55503228B63D}.Debug|Any CPU.Build.0 = Debug|Any CPU
		{11654D17-B268-4784-B435-55503228B63D}.Release|Any CPU.ActiveCfg = Release|Any CPU
		{11654D17-B268-4784-B435-55503228B63D}.Release|Any CPU.Build.0 = Release|Any CPU
		{201DBCD9-997A-4262-9703-5471EEB3ADE5}.Debug|Any CPU.ActiveCfg = Debug|Any CPU
		{201DBCD9-997A-4262-9703-5471EEB3ADE5}.Debug|Any CPU.Build.0 = Debug|Any CPU
		{201DBCD9-997A-4262-9703-5471EEB3ADE5}.Release|Any CPU.ActiveCfg = Release|Any CPU
		{201DBCD9-997A-4262-9703-5471EEB3ADE5}.Release|Any CPU.Build.0 = Release|Any CPU
		{E2BF3002-13E6-4889-A7DB-90F99CBDF7E8}.Debug|Any CPU.ActiveCfg = Debug|Any CPU
		{E2BF3002-13E6-4889-A7DB-90F99CBDF7E8}.Debug|Any CPU.Build.0 = Debug|Any CPU
		{E2BF3002-13E6-4889-A7DB-90F99CBDF7E8}.Release|Any CPU.ActiveCfg = Release|Any CPU
		{E2BF3002-13E6-4889-A7DB-90F99CBDF7E8}.Release|Any CPU.Build.0 = Release|Any CPU
		{6F80EA6C-9FB0-4C09-AA16-8AE4367A4F49}.Debug|Any CPU.ActiveCfg = Debug|Any CPU
		{6F80EA6C-9FB0-4C09-AA16-8AE4367A4F49}.Debug|Any CPU.Build.0 = Debug|Any CPU
		{6F80EA6C-9FB0-4C09-AA16-8AE4367A4F49}.Release|Any CPU.ActiveCfg = Release|Any CPU
		{6F80EA6C-9FB0-4C09-AA16-8AE4367A4F49}.Release|Any CPU.Build.0 = Release|Any CPU
		{F69952FF-1200-4B96-8757-7BF14CBD15E4}.Debug|Any CPU.ActiveCfg = Debug|Any CPU
		{F69952FF-1200-4B96-8757-7BF14CBD15E4}.Debug|Any CPU.Build.0 = Debug|Any CPU
		{F69952FF-1200-4B96-8757-7BF14CBD15E4}.Release|Any CPU.ActiveCfg = Release|Any CPU
		{F69952FF-1200-4B96-8757-7BF14CBD15E4}.Release|Any CPU.Build.0 = Release|Any CPU
		{6E5F7158-A010-4343-BFE1-F68B68A0756F}.Debug|Any CPU.ActiveCfg = Debug|Any CPU
		{6E5F7158-A010-4343-BFE1-F68B68A0756F}.Debug|Any CPU.Build.0 = Debug|Any CPU
		{6E5F7158-A010-4343-BFE1-F68B68A0756F}.Release|Any CPU.ActiveCfg = Release|Any CPU
		{6E5F7158-A010-4343-BFE1-F68B68A0756F}.Release|Any CPU.Build.0 = Release|Any CPU
	EndGlobalSection
	GlobalSection(SolutionProperties) = preSolution
		HideSolutionNode = FALSE
	EndGlobalSection
	GlobalSection(NestedProjects) = preSolution
		{8D863803-8117-45B3-A960-CFE82A7C51D4} = {D7D2B543-D733-4B58-924B-88ADC152ACC2}
		{C59E377D-45F6-4E64-92A8-1B876FACC80A} = {D7D2B543-D733-4B58-924B-88ADC152ACC2}
		{40371408-BAE5-4FF4-96BF-067A67E205C6} = {D7D2B543-D733-4B58-924B-88ADC152ACC2}
		{E3E226B4-611A-40FD-B753-7A86442A9719} = {D7D2B543-D733-4B58-924B-88ADC152ACC2}
		{5FE5882C-0203-48E2-A329-609FC4B8C3E1} = {D7D2B543-D733-4B58-924B-88ADC152ACC2}
		{53C46D9D-E487-42C0-A4B7-ECD0B5FAEF5F} = {D7D2B543-D733-4B58-924B-88ADC152ACC2}
		{60DFE13B-01F0-4C1B-8345-68EBF1D2B6CA} = {8D863803-8117-45B3-A960-CFE82A7C51D4}
		{7D89002B-C882-4B11-956C-2B32A5233EF9} = {8D863803-8117-45B3-A960-CFE82A7C51D4}
		{11654D17-B268-4784-B435-55503228B63D} = {8D863803-8117-45B3-A960-CFE82A7C51D4}
		{201DBCD9-997A-4262-9703-5471EEB3ADE5} = {C59E377D-45F6-4E64-92A8-1B876FACC80A}
		{E2BF3002-13E6-4889-A7DB-90F99CBDF7E8} = {E3E226B4-611A-40FD-B753-7A86442A9719}
		{6F80EA6C-9FB0-4C09-AA16-8AE4367A4F49} = {E3E226B4-611A-40FD-B753-7A86442A9719}
		{F69952FF-1200-4B96-8757-7BF14CBD15E4} = {5FE5882C-0203-48E2-A329-609FC4B8C3E1}
		{6E5F7158-A010-4343-BFE1-F68B68A0756F} = {53C46D9D-E487-42C0-A4B7-ECD0B5FAEF5F}
	EndGlobalSection
	GlobalSection(ExtensibilityGlobals) = postSolution
		SolutionGuid = {447713A1-B122-467B-AC28-FC58A30094B4}
	EndGlobalSection
EndGlobal
